
Microsoft Visual Studio Solution File, Format Version 12.00
# Visual Studio 15
VisualStudioVersion = 15.0.27130.2036
MinimumVisualStudioVersion = 10.0.40219.1
Project("{8BC9CEB8-8B4A-11D0-8D11-00A0C91BC942}") = "testFileC++", "testFileC++\testFileC++.vcxproj", "{B8C6AA45-6562-4891-A9C0-C414E14B201A}"
EndProject
Global
	GlobalSection(SolutionConfigurationPlatforms) = preSolution
		Debug|x64 = Debug|x64
		Debug|x86 = Debug|x86
		Release|x64 = Release|x64
		Release|x86 = Release|x86
	EndGlobalSection
	GlobalSection(ProjectConfigurationPlatforms) = postSolution
		{B8C6AA45-6562-4891-A9C0-C414E14B201A}.Debug|x64.ActiveCfg = Debug|x64
		{B8C6AA45-6562-4891-A9C0-C414E14B201A}.Debug|x64.Build.0 = Debug|x64
		{B8C6AA45-6562-4891-A9C0-C414E14B201A}.Debug|x86.ActiveCfg = Debug|Win32
		{B8C6AA45-6562-4891-A9C0-C414E14B201A}.Debug|x86.Build.0 = Debug|Win32
		{B8C6AA45-6562-4891-A9C0-C414E14B201A}.Release|x64.ActiveCfg = Release|x64
		{B8C6AA45-6562-4891-A9C0-C414E14B201A}.Release|x64.Build.0 = Release|x64
		{B8C6AA45-6562-4891-A9C0-C414E14B201A}.Release|x86.ActiveCfg = Release|Win32
		{B8C6AA45-6562-4891-A9C0-C414E14B201A}.Release|x86.Build.0 = Release|Win32
	EndGlobalSection
	GlobalSection(SolutionProperties) = preSolution
		HideSolutionNode = FALSE
	EndGlobalSection
	GlobalSection(ExtensibilityGlobals) = postSolution
		SolutionGuid = {4B3BDC6E-40EA-4C10-BC6E-06E00569748D}
	EndGlobalSection
EndGlobal
